// !$*UTF8*$!
{
	archiveVersion = 1;
	classes = {
	};
	objectVersion = 50;
	objects = {

/* Begin PBXBuildFile section */
		47D19D6725FF516400B42D7F /* AsyncAwaitApp.swift in Sources */ = {isa = PBXBuildFile; fileRef = 47D19D6625FF516400B42D7F /* AsyncAwaitApp.swift */; };
		47D19D6925FF516400B42D7F /* ContentView.swift in Sources */ = {isa = PBXBuildFile; fileRef = 47D19D6825FF516400B42D7F /* ContentView.swift */; };
		47D19D6B25FF516600B42D7F /* Assets.xcassets in Resources */ = {isa = PBXBuildFile; fileRef = 47D19D6A25FF516600B42D7F /* Assets.xcassets */; };
		47D19D6E25FF516600B42D7F /* Preview Assets.xcassets in Resources */ = {isa = PBXBuildFile; fileRef = 47D19D6D25FF516600B42D7F /* Preview Assets.xcassets */; };
		47D19D7925FF516600B42D7F /* AsyncAwaitTests.swift in Sources */ = {isa = PBXBuildFile; fileRef = 47D19D7825FF516600B42D7F /* AsyncAwaitTests.swift */; };
		47D19D8425FF516600B42D7F /* AsyncAwaitUITests.swift in Sources */ = {isa = PBXBuildFile; fileRef = 47D19D8325FF516600B42D7F /* AsyncAwaitUITests.swift */; };
/* End PBXBuildFile section */

/* Begin PBXContainerItemProxy section */
		47D19D7525FF516600B42D7F /* PBXContainerItemProxy */ = {
			isa = PBXContainerItemProxy;
			containerPortal = 47D19D5B25FF516400B42D7F /* Project object */;
			proxyType = 1;
			remoteGlobalIDString = 47D19D6225FF516400B42D7F;
			remoteInfo = AsyncAwait;
		};
		47D19D8025FF516600B42D7F /* PBXContainerItemProxy */ = {
			isa = PBXContainerItemProxy;
			containerPortal = 47D19D5B25FF516400B42D7F /* Project object */;
			proxyType = 1;
			remoteGlobalIDString = 47D19D6225FF516400B42D7F;
			remoteInfo = AsyncAwait;
		};
/* End PBXContainerItemProxy section */

/* Begin PBXFileReference section */
		47D19D6325FF516400B42D7F /* AsyncAwait.app */ = {isa = PBXFileReference; explicitFileType = wrapper.application; includeInIndex = 0; path = AsyncAwait.app; sourceTree = BUILT_PRODUCTS_DIR; };
		47D19D6625FF516400B42D7F /* AsyncAwaitApp.swift */ = {isa = PBXFileReference; lastKnownFileType = sourcecode.swift; path = AsyncAwaitApp.swift; sourceTree = "<group>"; };
		47D19D6825FF516400B42D7F /* ContentView.swift */ = {isa = PBXFileReference; lastKnownFileType = sourcecode.swift; path = ContentView.swift; sourceTree = "<group>"; };
		47D19D6A25FF516600B42D7F /* Assets.xcassets */ = {isa = PBXFileReference; lastKnownFileType = folder.assetcatalog; path = Assets.xcassets; sourceTree = "<group>"; };
		47D19D6D25FF516600B42D7F /* Preview Assets.xcassets */ = {isa = PBXFileReference; lastKnownFileType = folder.assetcatalog; path = "Preview Assets.xcassets"; sourceTree = "<group>"; };
		47D19D6F25FF516600B42D7F /* Info.plist */ = {isa = PBXFileReference; lastKnownFileType = text.plist.xml; path = Info.plist; sourceTree = "<group>"; };
		47D19D7425FF516600B42D7F /* AsyncAwaitTests.xctest */ = {isa = PBXFileReference; explicitFileType = wrapper.cfbundle; includeInIndex = 0; path = AsyncAwaitTests.xctest; sourceTree = BUILT_PRODUCTS_DIR; };
		47D19D7825FF516600B42D7F /* AsyncAwaitTests.swift */ = {isa = PBXFileReference; lastKnownFileType = sourcecode.swift; path = AsyncAwaitTests.swift; sourceTree = "<group>"; };
		47D19D7A25FF516600B42D7F /* Info.plist */ = {isa = PBXFileReference; lastKnownFileType = text.plist.xml; path = Info.plist; sourceTree = "<group>"; };
		47D19D7F25FF516600B42D7F /* AsyncAwaitUITests.xctest */ = {isa = PBXFileReference; explicitFileType = wrapper.cfbundle; includeInIndex = 0; path = AsyncAwaitUITests.xctest; sourceTree = BUILT_PRODUCTS_DIR; };
		47D19D8325FF516600B42D7F /* AsyncAwaitUITests.swift */ = {isa = PBXFileReference; lastKnownFileType = sourcecode.swift; path = AsyncAwaitUITests.swift; sourceTree = "<group>"; };
		47D19D8525FF516600B42D7F /* Info.plist */ = {isa = PBXFileReference; lastKnownFileType = text.plist.xml; path = Info.plist; sourceTree = "<group>"; };
/* End PBXFileReference section */

/* Begin PBXFrameworksBuildPhase section */
		47D19D6025FF516400B42D7F /* Frameworks */ = {
			isa = PBXFrameworksBuildPhase;
			buildActionMask = 2147483647;
			files = (
			);
			runOnlyForDeploymentPostprocessing = 0;
		};
		47D19D7125FF516600B42D7F /* Frameworks */ = {
			isa = PBXFrameworksBuildPhase;
			buildActionMask = 2147483647;
			files = (
			);
			runOnlyForDeploymentPostprocessing = 0;
		};
		47D19D7C25FF516600B42D7F /* Frameworks */ = {
			isa = PBXFrameworksBuildPhase;
			buildActionMask = 2147483647;
			files = (
			);
			runOnlyForDeploymentPostprocessing = 0;
		};
/* End PBXFrameworksBuildPhase section */

/* Begin PBXGroup section */
		47D19D5A25FF516400B42D7F = {
			isa = PBXGroup;
			children = (
				47D19D6525FF516400B42D7F /* AsyncAwait */,
				47D19D7725FF516600B42D7F /* AsyncAwaitTests */,
				47D19D8225FF516600B42D7F /* AsyncAwaitUITests */,
				47D19D6425FF516400B42D7F /* Products */,
			);
			sourceTree = "<group>";
		};
		47D19D6425FF516400B42D7F /* Products */ = {
			isa = PBXGroup;
			children = (
				47D19D6325FF516400B42D7F /* AsyncAwait.app */,
				47D19D7425FF516600B42D7F /* AsyncAwaitTests.xctest */,
				47D19D7F25FF516600B42D7F /* AsyncAwaitUITests.xctest */,
			);
			name = Products;
			sourceTree = "<group>";
		};
		47D19D6525FF516400B42D7F /* AsyncAwait */ = {
			isa = PBXGroup;
			children = (
				47D19D6625FF516400B42D7F /* AsyncAwaitApp.swift */,
				47D19D6825FF516400B42D7F /* ContentView.swift */,
				47D19D6A25FF516600B42D7F /* Assets.xcassets */,
				47D19D6F25FF516600B42D7F /* Info.plist */,
				47D19D6C25FF516600B42D7F /* Preview Content */,
			);
			path = AsyncAwait;
			sourceTree = "<group>";
		};
		47D19D6C25FF516600B42D7F /* Preview Content */ = {
			isa = PBXGroup;
			children = (
				47D19D6D25FF516600B42D7F /* Preview Assets.xcassets */,
			);
			path = "Preview Content";
			sourceTree = "<group>";
		};
		47D19D7725FF516600B42D7F /* AsyncAwaitTests */ = {
			isa = PBXGroup;
			children = (
				47D19D7825FF516600B42D7F /* AsyncAwaitTests.swift */,
				47D19D7A25FF516600B42D7F /* Info.plist */,
			);
			path = AsyncAwaitTests;
			sourceTree = "<group>";
		};
		47D19D8225FF516600B42D7F /* AsyncAwaitUITests */ = {
			isa = PBXGroup;
			children = (
				47D19D8325FF516600B42D7F /* AsyncAwaitUITests.swift */,
				47D19D8525FF516600B42D7F /* Info.plist */,
			);
			path = AsyncAwaitUITests;
			sourceTree = "<group>";
		};
/* End PBXGroup section */

/* Begin PBXNativeTarget section */
		47D19D6225FF516400B42D7F /* AsyncAwait */ = {
			isa = PBXNativeTarget;
			buildConfigurationList = 47D19D8825FF516600B42D7F /* Build configuration list for PBXNativeTarget "AsyncAwait" */;
			buildPhases = (
				47D19D5F25FF516400B42D7F /* Sources */,
				47D19D6025FF516400B42D7F /* Frameworks */,
				47D19D6125FF516400B42D7F /* Resources */,
			);
			buildRules = (
			);
			dependencies = (
			);
			name = AsyncAwait;
			productName = AsyncAwait;
			productReference = 47D19D6325FF516400B42D7F /* AsyncAwait.app */;
			productType = "com.apple.product-type.application";
		};
		47D19D7325FF516600B42D7F /* AsyncAwaitTests */ = {
			isa = PBXNativeTarget;
			buildConfigurationList = 47D19D8B25FF516600B42D7F /* Build configuration list for PBXNativeTarget "AsyncAwaitTests" */;
			buildPhases = (
				47D19D7025FF516600B42D7F /* Sources */,
				47D19D7125FF516600B42D7F /* Frameworks */,
				47D19D7225FF516600B42D7F /* Resources */,
			);
			buildRules = (
			);
			dependencies = (
				47D19D7625FF516600B42D7F /* PBXTargetDependency */,
			);
			name = AsyncAwaitTests;
			productName = AsyncAwaitTests;
			productReference = 47D19D7425FF516600B42D7F /* AsyncAwaitTests.xctest */;
			productType = "com.apple.product-type.bundle.unit-test";
		};
		47D19D7E25FF516600B42D7F /* AsyncAwaitUITests */ = {
			isa = PBXNativeTarget;
			buildConfigurationList = 47D19D8E25FF516600B42D7F /* Build configuration list for PBXNativeTarget "AsyncAwaitUITests" */;
			buildPhases = (
				47D19D7B25FF516600B42D7F /* Sources */,
				47D19D7C25FF516600B42D7F /* Frameworks */,
				47D19D7D25FF516600B42D7F /* Resources */,
			);
			buildRules = (
			);
			dependencies = (
				47D19D8125FF516600B42D7F /* PBXTargetDependency */,
			);
			name = AsyncAwaitUITests;
			productName = AsyncAwaitUITests;
			productReference = 47D19D7F25FF516600B42D7F /* AsyncAwaitUITests.xctest */;
			productType = "com.apple.product-type.bundle.ui-testing";
		};
/* End PBXNativeTarget section */

/* Begin PBXProject section */
		47D19D5B25FF516400B42D7F /* Project object */ = {
			isa = PBXProject;
			attributes = {
				LastSwiftUpdateCheck = 1250;
				LastUpgradeCheck = 1250;
				TargetAttributes = {
					47D19D6225FF516400B42D7F = {
						CreatedOnToolsVersion = 12.5;
					};
					47D19D7325FF516600B42D7F = {
						CreatedOnToolsVersion = 12.5;
						TestTargetID = 47D19D6225FF516400B42D7F;
					};
					47D19D7E25FF516600B42D7F = {
						CreatedOnToolsVersion = 12.5;
						TestTargetID = 47D19D6225FF516400B42D7F;
					};
				};
			};
			buildConfigurationList = 47D19D5E25FF516400B42D7F /* Build configuration list for PBXProject "AsyncAwait" */;
			compatibilityVersion = "Xcode 9.3";
			developmentRegion = en;
			hasScannedForEncodings = 0;
			knownRegions = (
				en,
				Base,
			);
			mainGroup = 47D19D5A25FF516400B42D7F;
			productRefGroup = 47D19D6425FF516400B42D7F /* Products */;
			projectDirPath = "";
			projectRoot = "";
			targets = (
				47D19D6225FF516400B42D7F /* AsyncAwait */,
				47D19D7325FF516600B42D7F /* AsyncAwaitTests */,
				47D19D7E25FF516600B42D7F /* AsyncAwaitUITests */,
			);
		};
/* End PBXProject section */

/* Begin PBXResourcesBuildPhase section */
		47D19D6125FF516400B42D7F /* Resources */ = {
			isa = PBXResourcesBuildPhase;
			buildActionMask = 2147483647;
			files = (
				47D19D6E25FF516600B42D7F /* Preview Assets.xcassets in Resources */,
				47D19D6B25FF516600B42D7F /* Assets.xcassets in Resources */,
			);
			runOnlyForDeploymentPostprocessing = 0;
		};
		47D19D7225FF516600B42D7F /* Resources */ = {
			isa = PBXResourcesBuildPhase;
			buildActionMask = 2147483647;
			files = (
			);
			runOnlyForDeploymentPostprocessing = 0;
		};
		47D19D7D25FF516600B42D7F /* Resources */ = {
			isa = PBXResourcesBuildPhase;
			buildActionMask = 2147483647;
			files = (
			);
			runOnlyForDeploymentPostprocessing = 0;
		};
/* End PBXResourcesBuildPhase section */

/* Begin PBXSourcesBuildPhase section */
		47D19D5F25FF516400B42D7F /* Sources */ = {
			isa = PBXSourcesBuildPhase;
			buildActionMask = 2147483647;
			files = (
				47D19D6925FF516400B42D7F /* ContentView.swift in Sources */,
				47D19D6725FF516400B42D7F /* AsyncAwaitApp.swift in Sources */,
			);
			runOnlyForDeploymentPostprocessing = 0;
		};
		47D19D7025FF516600B42D7F /* Sources */ = {
			isa = PBXSourcesBuildPhase;
			buildActionMask = 2147483647;
			files = (
				47D19D7925FF516600B42D7F /* AsyncAwaitTests.swift in Sources */,
			);
			runOnlyForDeploymentPostprocessing = 0;
		};
		47D19D7B25FF516600B42D7F /* Sources */ = {
			isa = PBXSourcesBuildPhase;
			buildActionMask = 2147483647;
			files = (
				47D19D8425FF516600B42D7F /* AsyncAwaitUITests.swift in Sources */,
			);
			runOnlyForDeploymentPostprocessing = 0;
		};
/* End PBXSourcesBuildPhase section */

/* Begin PBXTargetDependency section */
		47D19D7625FF516600B42D7F /* PBXTargetDependency */ = {
			isa = PBXTargetDependency;
			target = 47D19D6225FF516400B42D7F /* AsyncAwait */;
			targetProxy = 47D19D7525FF516600B42D7F /* PBXContainerItemProxy */;
		};
		47D19D8125FF516600B42D7F /* PBXTargetDependency */ = {
			isa = PBXTargetDependency;
			target = 47D19D6225FF516400B42D7F /* AsyncAwait */;
			targetProxy = 47D19D8025FF516600B42D7F /* PBXContainerItemProxy */;
		};
/* End PBXTargetDependency section */

/* Begin XCBuildConfiguration section */
		47D19D8625FF516600B42D7F /* Debug */ = {
			isa = XCBuildConfiguration;
			buildSettings = {
				ALWAYS_SEARCH_USER_PATHS = NO;
				CLANG_ANALYZER_NONNULL = YES;
				CLANG_ANALYZER_NUMBER_OBJECT_CONVERSION = YES_AGGRESSIVE;
				CLANG_CXX_LANGUAGE_STANDARD = "gnu++14";
				CLANG_CXX_LIBRARY = "libc++";
				CLANG_ENABLE_MODULES = YES;
				CLANG_ENABLE_OBJC_ARC = YES;
				CLANG_ENABLE_OBJC_WEAK = YES;
				CLANG_WARN_BLOCK_CAPTURE_AUTORELEASING = YES;
				CLANG_WARN_BOOL_CONVERSION = YES;
				CLANG_WARN_COMMA = YES;
				CLANG_WARN_CONSTANT_CONVERSION = YES;
				CLANG_WARN_DEPRECATED_OBJC_IMPLEMENTATIONS = YES;
				CLANG_WARN_DIRECT_OBJC_ISA_USAGE = YES_ERROR;
				CLANG_WARN_DOCUMENTATION_COMMENTS = YES;
				CLANG_WARN_EMPTY_BODY = YES;
				CLANG_WARN_ENUM_CONVERSION = YES;
				CLANG_WARN_INFINITE_RECURSION = YES;
				CLANG_WARN_INT_CONVERSION = YES;
				CLANG_WARN_NON_LITERAL_NULL_CONVERSION = YES;
				CLANG_WARN_OBJC_IMPLICIT_RETAIN_SELF = YES;
				CLANG_WARN_OBJC_LITERAL_CONVERSION = YES;
				CLANG_WARN_OBJC_ROOT_CLASS = YES_ERROR;
				CLANG_WARN_QUOTED_INCLUDE_IN_FRAMEWORK_HEADER = YES;
				CLANG_WARN_RANGE_LOOP_ANALYSIS = YES;
				CLANG_WARN_STRICT_PROTOTYPES = YES;
				CLANG_WARN_SUSPICIOUS_MOVE = YES;
				CLANG_WARN_UNGUARDED_AVAILABILITY = YES_AGGRESSIVE;
				CLANG_WARN_UNREACHABLE_CODE = YES;
				CLANG_WARN__DUPLICATE_METHOD_MATCH = YES;
				COPY_PHASE_STRIP = NO;
				DEBUG_INFORMATION_FORMAT = dwarf;
				ENABLE_STRICT_OBJC_MSGSEND = YES;
				ENABLE_TESTABILITY = YES;
				GCC_C_LANGUAGE_STANDARD = gnu11;
				GCC_DYNAMIC_NO_PIC = NO;
				GCC_NO_COMMON_BLOCKS = YES;
				GCC_OPTIMIZATION_LEVEL = 0;
				GCC_PREPROCESSOR_DEFINITIONS = (
					"DEBUG=1",
					"$(inherited)",
				);
				GCC_WARN_64_TO_32_BIT_CONVERSION = YES;
				GCC_WARN_ABOUT_RETURN_TYPE = YES_ERROR;
				GCC_WARN_UNDECLARED_SELECTOR = YES;
				GCC_WARN_UNINITIALIZED_AUTOS = YES_AGGRESSIVE;
				GCC_WARN_UNUSED_FUNCTION = YES;
				GCC_WARN_UNUSED_VARIABLE = YES;
				IPHONEOS_DEPLOYMENT_TARGET = 14.5;
				MTL_ENABLE_DEBUG_INFO = INCLUDE_SOURCE;
				MTL_FAST_MATH = YES;
				ONLY_ACTIVE_ARCH = YES;
				SDKROOT = iphoneos;
				SWIFT_ACTIVE_COMPILATION_CONDITIONS = DEBUG;
				SWIFT_OPTIMIZATION_LEVEL = "-Onone";
			};
			name = Debug;
		};
		47D19D8725FF516600B42D7F /* Release */ = {
			isa = XCBuildConfiguration;
			buildSettings = {
				ALWAYS_SEARCH_USER_PATHS = NO;
				CLANG_ANALYZER_NONNULL = YES;
				CLANG_ANALYZER_NUMBER_OBJECT_CONVERSION = YES_AGGRESSIVE;
				CLANG_CXX_LANGUAGE_STANDARD = "gnu++14";
				CLANG_CXX_LIBRARY = "libc++";
				CLANG_ENABLE_MODULES = YES;
				CLANG_ENABLE_OBJC_ARC = YES;
				CLANG_ENABLE_OBJC_WEAK = YES;
				CLANG_WARN_BLOCK_CAPTURE_AUTORELEASING = YES;
				CLANG_WARN_BOOL_CONVERSION = YES;
				CLANG_WARN_COMMA = YES;
				CLANG_WARN_CONSTANT_CONVERSION = YES;
				CLANG_WARN_DEPRECATED_OBJC_IMPLEMENTATIONS = YES;
				CLANG_WARN_DIRECT_OBJC_ISA_USAGE = YES_ERROR;
				CLANG_WARN_DOCUMENTATION_COMMENTS = YES;
				CLANG_WARN_EMPTY_BODY = YES;
				CLANG_WARN_ENUM_CONVERSION = YES;
				CLANG_WARN_INFINITE_RECURSION = YES;
				CLANG_WARN_INT_CONVERSION = YES;
				CLANG_WARN_NON_LITERAL_NULL_CONVERSION = YES;
				CLANG_WARN_OBJC_IMPLICIT_RETAIN_SELF = YES;
				CLANG_WARN_OBJC_LITERAL_CONVERSION = YES;
				CLANG_WARN_OBJC_ROOT_CLASS = YES_ERROR;
				CLANG_WARN_QUOTED_INCLUDE_IN_FRAMEWORK_HEADER = YES;
				CLANG_WARN_RANGE_LOOP_ANALYSIS = YES;
				CLANG_WARN_STRICT_PROTOTYPES = YES;
				CLANG_WARN_SUSPICIOUS_MOVE = YES;
				CLANG_WARN_UNGUARDED_AVAILABILITY = YES_AGGRESSIVE;
				CLANG_WARN_UNREACHABLE_CODE = YES;
				CLANG_WARN__DUPLICATE_METHOD_MATCH = YES;
				COPY_PHASE_STRIP = NO;
				DEBUG_INFORMATION_FORMAT = "dwarf-with-dsym";
				ENABLE_NS_ASSERTIONS = NO;
				ENABLE_STRICT_OBJC_MSGSEND = YES;
				GCC_C_LANGUAGE_STANDARD = gnu11;
				GCC_NO_COMMON_BLOCKS = YES;
				GCC_WARN_64_TO_32_BIT_CONVERSION = YES;
				GCC_WARN_ABOUT_RETURN_TYPE = YES_ERROR;
				GCC_WARN_UNDECLARED_SELECTOR = YES;
				GCC_WARN_UNINITIALIZED_AUTOS = YES_AGGRESSIVE;
				GCC_WARN_UNUSED_FUNCTION = YES;
				GCC_WARN_UNUSED_VARIABLE = YES;
				IPHONEOS_DEPLOYMENT_TARGET = 14.5;
				MTL_ENABLE_DEBUG_INFO = NO;
				MTL_FAST_MATH = YES;
				SDKROOT = iphoneos;
				SWIFT_COMPILATION_MODE = wholemodule;
				SWIFT_OPTIMIZATION_LEVEL = "-O";
				VALIDATE_PRODUCT = YES;
			};
			name = Release;
		};
		47D19D8925FF516600B42D7F /* Debug */ = {
			isa = XCBuildConfiguration;
			buildSettings = {
				ASSETCATALOG_COMPILER_APPICON_NAME = AppIcon;
				ASSETCATALOG_COMPILER_GLOBAL_ACCENT_COLOR_NAME = AccentColor;
				CODE_SIGN_STYLE = Automatic;
				DEVELOPMENT_ASSET_PATHS = "\"AsyncAwait/Preview Content\"";
				DEVELOPMENT_TEAM = DHH3EVPZQU;
				ENABLE_PREVIEWS = YES;
				INFOPLIST_FILE = AsyncAwait/Info.plist;
				IPHONEOS_DEPLOYMENT_TARGET = 14.0;
				LD_RUNPATH_SEARCH_PATHS = (
					"$(inherited)",
					"@executable_path/Frameworks",
				);
				PRODUCT_BUNDLE_IDENTIFIER = com.asyncawait.AsyncAwait;
				PRODUCT_NAME = "$(TARGET_NAME)";
				SWIFT_VERSION = 5.0;
				TARGETED_DEVICE_FAMILY = "1,2";
			};
			name = Debug;
		};
		47D19D8A25FF516600B42D7F /* Release */ = {
			isa = XCBuildConfiguration;
			buildSettings = {
				ASSETCATALOG_COMPILER_APPICON_NAME = AppIcon;
				ASSETCATALOG_COMPILER_GLOBAL_ACCENT_COLOR_NAME = AccentColor;
				CODE_SIGN_STYLE = Automatic;
				DEVELOPMENT_ASSET_PATHS = "\"AsyncAwait/Preview Content\"";
				DEVELOPMENT_TEAM = DHH3EVPZQU;
				ENABLE_PREVIEWS = YES;
				INFOPLIST_FILE = AsyncAwait/Info.plist;
				IPHONEOS_DEPLOYMENT_TARGET = 14.0;
				LD_RUNPATH_SEARCH_PATHS = (
					"$(inherited)",
					"@executable_path/Frameworks",
				);
				PRODUCT_BUNDLE_IDENTIFIER = com.asyncawait.AsyncAwait;
				PRODUCT_NAME = "$(TARGET_NAME)";
				SWIFT_VERSION = 5.0;
				TARGETED_DEVICE_FAMILY = "1,2";
			};
			name = Release;
		};
		47D19D8C25FF516600B42D7F /* Debug */ = {
			isa = XCBuildConfiguration;
			buildSettings = {
				ALWAYS_EMBED_SWIFT_STANDARD_LIBRARIES = YES;
				BUNDLE_LOADER = "$(TEST_HOST)";
				CODE_SIGN_STYLE = Automatic;
				DEVELOPMENT_TEAM = DHH3EVPZQU;
				INFOPLIST_FILE = AsyncAwaitTests/Info.plist;
				IPHONEOS_DEPLOYMENT_TARGET = 14.0;
				LD_RUNPATH_SEARCH_PATHS = (
					"$(inherited)",
					"@executable_path/Frameworks",
					"@loader_path/Frameworks",
				);
				PRODUCT_BUNDLE_IDENTIFIER = com.asyncawait.AsyncAwaitTests;
				PRODUCT_NAME = "$(TARGET_NAME)";
				SWIFT_VERSION = 5.0;
				TARGETED_DEVICE_FAMILY = "1,2";
				TEST_HOST = "$(BUILT_PRODUCTS_DIR)/AsyncAwait.app/AsyncAwait";
			};
			name = Debug;
		};
		47D19D8D25FF516600B42D7F /* Release */ = {
			isa = XCBuildConfiguration;
			buildSettings = {
				ALWAYS_EMBED_SWIFT_STANDARD_LIBRARIES = YES;
				BUNDLE_LOADER = "$(TEST_HOST)";
				CODE_SIGN_STYLE = Automatic;
				DEVELOPMENT_TEAM = DHH3EVPZQU;
				INFOPLIST_FILE = AsyncAwaitTests/Info.plist;
				IPHONEOS_DEPLOYMENT_TARGET = 14.0;
				LD_RUNPATH_SEARCH_PATHS = (
					"$(inherited)",
					"@executable_path/Frameworks",
					"@loader_path/Frameworks",
				);
				PRODUCT_BUNDLE_IDENTIFIER = com.asyncawait.AsyncAwaitTests;
				PRODUCT_NAME = "$(TARGET_NAME)";
				SWIFT_VERSION = 5.0;
				TARGETED_DEVICE_FAMILY = "1,2";
				TEST_HOST = "$(BUILT_PRODUCTS_DIR)/AsyncAwait.app/AsyncAwait";
			};
			name = Release;
		};
		47D19D8F25FF516600B42D7F /* Debug */ = {
			isa = XCBuildConfiguration;
			buildSettings = {
				ALWAYS_EMBED_SWIFT_STANDARD_LIBRARIES = YES;
				CODE_SIGN_STYLE = Automatic;
				DEVELOPMENT_TEAM = DHH3EVPZQU;
				INFOPLIST_FILE = AsyncAwaitUITests/Info.plist;
				LD_RUNPATH_SEARCH_PATHS = (
					"$(inherited)",
					"@executable_path/Frameworks",
					"@loader_path/Frameworks",
				);
				PRODUCT_BUNDLE_IDENTIFIER = com.asyncawait.AsyncAwaitUITests;
				PRODUCT_NAME = "$(TARGET_NAME)";
				SWIFT_VERSION = 5.0;
				TARGETED_DEVICE_FAMILY = "1,2";
				TEST_TARGET_NAME = AsyncAwait;
			};
			name = Debug;
		};
		47D19D9025FF516600B42D7F /* Release */ = {
			isa = XCBuildConfiguration;
			buildSettings = {
				ALWAYS_EMBED_SWIFT_STANDARD_LIBRARIES = YES;
				CODE_SIGN_STYLE = Automatic;
				DEVELOPMENT_TEAM = DHH3EVPZQU;
				INFOPLIST_FILE = AsyncAwaitUITests/Info.plist;
				LD_RUNPATH_SEARCH_PATHS = (
					"$(inherited)",
					"@executable_path/Frameworks",
					"@loader_path/Frameworks",
				);
				PRODUCT_BUNDLE_IDENTIFIER = com.asyncawait.AsyncAwaitUITests;
				PRODUCT_NAME = "$(TARGET_NAME)";
				SWIFT_VERSION = 5.0;
				TARGETED_DEVICE_FAMILY = "1,2";
				TEST_TARGET_NAME = AsyncAwait;
			};
			name = Release;
		};
/* End XCBuildConfiguration section */

/* Begin XCConfigurationList section */
		47D19D5E25FF516400B42D7F /* Build configuration list for PBXProject "AsyncAwait" */ = {
			isa = XCConfigurationList;
			buildConfigurations = (
				47D19D8625FF516600B42D7F /* Debug */,
				47D19D8725FF516600B42D7F /* Release */,
			);
			defaultConfigurationIsVisible = 0;
			defaultConfigurationName = Release;
		};
		47D19D8825FF516600B42D7F /* Build configuration list for PBXNativeTarget "AsyncAwait" */ = {
			isa = XCConfigurationList;
			buildConfigurations = (
				47D19D8925FF516600B42D7F /* Debug */,
				47D19D8A25FF516600B42D7F /* Release */,
			);
			defaultConfigurationIsVisible = 0;
			defaultConfigurationName = Release;
		};
		47D19D8B25FF516600B42D7F /* Build configuration list for PBXNativeTarget "AsyncAwaitTests" */ = {
			isa = XCConfigurationList;
			buildConfigurations = (
				47D19D8C25FF516600B42D7F /* Debug */,
				47D19D8D25FF516600B42D7F /* Release */,
			);
			defaultConfigurationIsVisible = 0;
			defaultConfigurationName = Release;
		};
		47D19D8E25FF516600B42D7F /* Build configuration list for PBXNativeTarget "AsyncAwaitUITests" */ = {
			isa = XCConfigurationList;
			buildConfigurations = (
				47D19D8F25FF516600B42D7F /* Debug */,
				47D19D9025FF516600B42D7F /* Release */,
			);
			defaultConfigurationIsVisible = 0;
			defaultConfigurationName = Release;
		};
/* End XCConfigurationList section */
	};
	rootObject = 47D19D5B25FF516400B42D7F /* Project object */;
}
